[[package]]
category = "main"
description = "ASGI specs, helper code, and adapters"
name = "asgiref"
optional = false
python-versions = ">=3.7"
version = "3.5.1"

[package.extras]
tests = ["pytest", "pytest-asyncio", "mypy (>=0.800)"]

[[package]]
category = "main"
description = "Python package for providing Mozilla's CA Bundle."
name = "certifi"
optional = false
python-versions = ">=3.6"
version = "2022.12.7"

[[package]]
category = "main"
description = "Foreign Function Interface for Python calling C code."
name = "cffi"
optional = false
python-versions = "*"
version = "1.15.1"

[package.dependencies]
pycparser = "*"

[[package]]
category = "main"
description = "The Real First Universal Charset Detector. Open, modern and actively maintained alternative to Chardet."
name = "charset-normalizer"
optional = false
python-versions = "*"
version = "3.0.1"

[[package]]
category = "main"
description = "cryptography is a package which provides cryptographic recipes and primitives to Python developers."
name = "cryptography"
optional = false
python-versions = ">=3.6"
version = "39.0.1"

[package.dependencies]
cffi = ">=1.12"

[package.extras]
docs = ["sphinx (>=5.3.0)", "sphinx-rtd-theme (>=1.1.1)"]
docstest = ["pyenchant (>=1.6.11)", "twine (>=1.12.0)", "sphinxcontrib-spelling (>=4.0.1)"]
pep8test = ["black", "ruff", "mypy", "types-pytz", "types-requests", "check-manifest"]
sdist = ["setuptools-rust (>=0.11.4)"]
ssh = ["bcrypt (>=3.1.5)"]
test = ["pytest (>=6.2.0)", "pytest-shard (>=0.1.2)", "pytest-benchmark", "pytest-cov", "pytest-subtests", "pytest-xdist", "pretend", "iso8601", "pytz", "hypothesis (>=1.11.4,!=3.79.2)"]
test-randomorder = ["pytest-randomly"]
tox = ["tox"]

[[package]]
category = "main"
description = "XML bomb protection for Python stdlib modules"
name = "defusedxml"
optional = false
python-versions = ">=2.7, !=3.0.*, !=3.1.*, !=3.2.*, !=3.3.*, !=3.4.*"
version = "0.7.1"

[[package]]
category = "main"
description = "A high-level Python Web framework that encourages rapid development and clean, pragmatic design."
name = "django"
optional = false
python-versions = ">=3.6"
version = "3.2.13"

[package.dependencies]
asgiref = ">=3.3.2,<4"
pytz = "*"
sqlparse = ">=0.2.2"

[package.extras]
argon2 = ["argon2-cffi (>=19.1.0)"]
bcrypt = ["bcrypt"]

[[package]]
category = "main"
description = "Integrated set of Django applications addressing authentication, registration, account management as well as 3rd party (social) account authentication."
name = "django-allauth"
optional = false
python-versions = ">=3.5"
version = "0.52.0"

[package.dependencies]
Django = ">=2.0"
pyjwt = {version = ">=1.7", extras = ["crypto"]}
python3-openid = ">=3.0.8"
requests = "*"
requests-oauthlib = ">=0.3.0"

[[package]]
category = "main"
description = "Internationalized Domain Names in Applications (IDNA)"
name = "idna"
optional = false
python-versions = ">=3.5"
version = "3.4"

[[package]]
category = "main"
description = "A fast and complete Python implementation of Markdown"
name = "markdown2"
optional = false
python-versions = ">=3.5, <4"
version = "2.4.7"

[package.extras]
all = ["pygments (>=2.7.3)", "wavedrom"]
code_syntax_highlighting = ["pygments (>=2.7.3)"]
wavedrom = ["wavedrom"]

[[package]]
category = "main"
description = "A generic, spec-compliant, thorough implementation of the OAuth request-signing logic"
name = "oauthlib"
optional = false
python-versions = ">=3.6"
version = "3.2.2"

[package.extras]
rsa = ["cryptography (>=3.0.0)"]
signals = ["blinker (>=1.4.0)"]
signedtoken = ["cryptography (>=3.0.0)", "pyjwt (>=2.0.0,<3)"]

[[package]]
category = "main"
description = "C parser in Python"
name = "pycparser"
optional = false
python-versions = ">=2.7, !=3.0.*, !=3.1.*, !=3.2.*, !=3.3.*"
version = "2.21"

[[package]]
category = "main"
description = "JSON Web Token implementation in Python"
name = "pyjwt"
optional = false
python-versions = ">=3.7"
version = "2.6.0"

[package.dependencies]
cryptography = {version = ">=3.4.0", optional = true, markers = "extra == \"crypto\""}

[package.extras]
crypto = ["cryptography (>=3.4.0)"]
dev = ["sphinx (>=4.5.0,<5.0.0)", "sphinx-rtd-theme", "zope.interface", "cryptography (>=3.4.0)", "pytest (>=6.0.0,<7.0.0)", "coverage[toml] (==5.0.4)", "pre-commit"]
docs = ["sphinx (>=4.5.0,<5.0.0)", "sphinx-rtd-theme", "zope.interface"]
tests = ["pytest (>=6.0.0,<7.0.0)", "coverage[toml] (==5.0.4)"]

[[package]]
category = "main"
description = "OpenID support for modern servers and consumers."
name = "python3-openid"
optional = false
python-versions = "*"
version = "3.2.0"

[package.dependencies]
defusedxml = "*"

[package.extras]
mysql = ["mysql-connector-python"]
postgresql = ["psycopg2"]

[[package]]
category = "main"
description = "World timezone definitions, modern and historical"
name = "pytz"
optional = false
python-versions = "*"
version = "2022.1"

[[package]]
category = "main"
description = "Python HTTP for Humans."
name = "requests"
optional = false
python-versions = ">=3.7, <4"
version = "2.28.2"

[package.dependencies]
certifi = ">=2017.4.17"
charset-normalizer = ">=2,<4"
idna = ">=2.5,<4"
urllib3 = ">=1.21.1,<1.27"

[package.extras]
socks = ["PySocks (>=1.5.6,!=1.5.7)"]
use_chardet_on_py3 = ["chardet (>=3.0.2,<6)"]

[[package]]
category = "main"
description = "OAuthlib authentication support for Requests."
name = "requests-oauthlib"
optional = false
python-versions = ">=2.7, !=3.0.*, !=3.1.*, !=3.2.*, !=3.3.*"
version = "1.3.1"

[package.dependencies]
oauthlib = ">=3.0.0"
requests = ">=2.0.0"

[package.extras]
rsa = ["oauthlib[signedtoken] (>=3.0.0)"]

[[package]]
category = "main"
description = "A non-validating SQL parser."
name = "sqlparse"
optional = false
python-versions = ">=3.5"
version = "0.4.2"

[[package]]
category = "main"
description = "HTTP library with thread-safe connection pooling, file post, and more."
name = "urllib3"
optional = false
python-versions = ">=2.7, !=3.0.*, !=3.1.*, !=3.2.*, !=3.3.*, !=3.4.*, !=3.5.*"
version = "1.26.14"

[package.extras]
brotli = ["brotlicffi (>=0.8.0)", "brotli (>=1.0.9)", "brotlipy (>=0.6.0)"]
secure = ["pyOpenSSL (>=0.14)", "cryptography (>=1.3.4)", "idna (>=2.0.0)", "certifi", "urllib3-secure-extra", "ipaddress"]
socks = ["PySocks (>=1.5.6,!=1.5.7,<2.0)"]

[metadata]
content-hash = "5ae4ac17fa52f58ed23d9028b21eb4a77a0a00f85b694411400d2e98b0a9599f"
lock-version = "1.1"
python-versions = "^3.8"

[metadata.files]
asgiref = []
certifi = []
cffi = []
charset-normalizer = []
cryptography = [
    {file = "cryptography-39.0.1-cp36-abi3-macosx_10_12_universal2.whl", hash = "sha256:6687ef6d0a6497e2b58e7c5b852b53f62142cfa7cd1555795758934da363a965"},
    {file = "cryptography-39.0.1-cp36-abi3-macosx_10_12_x86_64.whl", hash = "sha256:706843b48f9a3f9b9911979761c91541e3d90db1ca905fd63fee540a217698bc"},
    {file = "cryptography-39.0.1-cp36-abi3-manylinux_2_17_aarch64.manylinux2014_aarch64.manylinux_2_24_aarch64.whl", hash = "sha256:5d2d8b87a490bfcd407ed9d49093793d0f75198a35e6eb1a923ce1ee86c62b41"},
    {file = "cryptography-39.0.1-cp36-abi3-manylinux_2_17_aarch64.manylinux2014_aarch64.whl", hash = "sha256:83e17b26de248c33f3acffb922748151d71827d6021d98c70e6c1a25ddd78505"},
    {file = "cryptography-39.0.1-cp36-abi3-manylinux_2_17_x86_64.manylinux2014_x86_64.whl", hash = "sha256:e124352fd3db36a9d4a21c1aa27fd5d051e621845cb87fb851c08f4f75ce8be6"},
    {file = "cryptography-39.0.1-cp36-abi3-manylinux_2_24_x86_64.whl", hash = "sha256:5aa67414fcdfa22cf052e640cb5ddc461924a045cacf325cd164e65312d99502"},
    {file = "cryptography-39.0.1-cp36-abi3-manylinux_2_28_aarch64.whl", hash = "sha256:35f7c7d015d474f4011e859e93e789c87d21f6f4880ebdc29896a60403328f1f"},
    {file = "cryptography-39.0.1-cp36-abi3-manylinux_2_28_x86_64.whl", hash = "sha256:f24077a3b5298a5a06a8e0536e3ea9ec60e4c7ac486755e5fb6e6ea9b3500106"},
    {file = "cryptography-39.0.1-cp36-abi3-musllinux_1_1_aarch64.whl", hash = "sha256:f0c64d1bd842ca2633e74a1a28033d139368ad959872533b1bab8c80e8240a0c"},
    {file = "cryptography-39.0.1-cp36-abi3-musllinux_1_1_x86_64.whl", hash = "sha256:0f8da300b5c8af9f98111ffd512910bc792b4c77392a9523624680f7956a99d4"},
    {file = "cryptography-39.0.1-cp36-abi3-win32.whl", hash = "sha256:fe913f20024eb2cb2f323e42a64bdf2911bb9738a15dba7d3cce48151034e3a8"},
    {file = "cryptography-39.0.1-cp36-abi3-win_amd64.whl", hash = "sha256:ced4e447ae29ca194449a3f1ce132ded8fcab06971ef5f618605aacaa612beac"},
    {file = "cryptography-39.0.1-pp38-pypy38_pp73-macosx_10_12_x86_64.whl", hash = "sha256:807ce09d4434881ca3a7594733669bd834f5b2c6d5c7e36f8c00f691887042ad"},
    {file = "cryptography-39.0.1-pp38-pypy38_pp73-manylinux_2_28_aarch64.whl", hash = "sha256:c5caeb8188c24888c90b5108a441c106f7faa4c4c075a2bcae438c6e8ca73cef"},
    {file = "cryptography-39.0.1-pp38-pypy38_pp73-manylinux_2_28_x86_64.whl", hash = "sha256:4789d1e3e257965e960232345002262ede4d094d1a19f4d3b52e48d4d8f3b885"},
    {file = "cryptography-39.0.1-pp38-pypy38_pp73-win_amd64.whl", hash = "sha256:96f1157a7c08b5b189b16b47bc9db2332269d6680a196341bf30046330d15388"},
    {file = "cryptography-39.0.1-pp39-pypy39_pp73-macosx_10_12_x86_64.whl", hash = "sha256:e422abdec8b5fa8462aa016786680720d78bdce7a30c652b7fadf83a4ba35336"},
    {file = "cryptography-39.0.1-pp39-pypy39_pp73-manylinux_2_17_aarch64.manylinux2014_aarch64.manylinux_2_24_aarch64.whl", hash = "sha256:b0afd054cd42f3d213bf82c629efb1ee5f22eba35bf0eec88ea9ea7304f511a2"},
    {file = "cryptography-39.0.1-pp39-pypy39_pp73-manylinux_2_24_x86_64.whl", hash = "sha256:6f8ba7f0328b79f08bdacc3e4e66fb4d7aab0c3584e0bd41328dce5262e26b2e"},
    {file = "cryptography-39.0.1-pp39-pypy39_pp73-manylinux_2_28_aarch64.whl", hash = "sha256:ef8b72fa70b348724ff1218267e7f7375b8de4e8194d1636ee60510aae104cd0"},
    {file = "cryptography-39.0.1-pp39-pypy39_pp73-manylinux_2_28_x86_64.whl", hash = "sha256:aec5a6c9864be7df2240c382740fcf3b96928c46604eaa7f3091f58b878c0bb6"},
    {file = "cryptography-39.0.1-pp39-pypy39_pp73-win_amd64.whl", hash = "sha256:fdd188c8a6ef8769f148f88f859884507b954cc64db6b52f66ef199bb9ad660a"},
    {file = "cryptography-39.0.1.tar.gz", hash = "sha256:d1f6198ee6d9148405e49887803907fe8962a23e6c6f83ea7d98f1c0de375695"},
]
defusedxml = []
django = []
django-allauth = []
idna = []
markdown2 = []
oauthlib = []
pycparser = []
pyjwt = [
    {file = "PyJWT-2.6.0-py3-none-any.whl", hash = "sha256:d83c3d892a77bbb74d3e1a2cfa90afaadb60945205d1095d9221f04466f64c14"},
    {file = "PyJWT-2.6.0.tar.gz", hash = "sha256:69285c7e31fc44f68a1feb309e948e0df53259d579295e6cfe2b1792329f05fd"},
]
python3-openid = []
pytz = []
requests = [
    {file = "requests-2.28.2-py3-none-any.whl", hash = "sha256:64299f4909223da747622c030b781c0d7811e359c37124b4bd368fb8c6518baa"},
    {file = "requests-2.28.2.tar.gz", hash = "sha256:98b1b2782e3c6c4904938b84c0eb932721069dfdb9134313beff7c83c2df24bf"},
]
requests-oauthlib = []
sqlparse = []
urllib3 = []
